
Microsoft Visual Studio Solution File, Format Version 12.00
# Visual Studio Version 17
VisualStudioVersion = 17.6.33712.159
MinimumVisualStudioVersion = 10.0.40219.1
Project("{FAE04EC0-301F-11D3-BF4B-00C04F79EFBC}") = "health-calc-pack-dotnet", "health-calc-pack-dotnet\health-calc-pack-dotnet.csproj", "{24149766-81BB-4E45-9AE9-46274137BCB2}"
EndProject
Project("{FAE04EC0-301F-11D3-BF4B-00C04F79EFBC}") = "health-calc-pack-dotnet-console", "health-calc-pack-dotnet-console\health-calc-pack-dotnet-console.csproj", "{07F2297B-4D69-4439-B0D0-82E6710092EE}"
EndProject
Project("{FAE04EC0-301F-11D3-BF4B-00C04F79EFBC}") = "health-calc-pack-dotnet-test", "health-calc-pack-dotnet-test\health-calc-pack-dotnet-test.csproj", "{A56477E6-0083-41F7-AEE1-78B197B20B86}"
EndProject
Global
	GlobalSection(SolutionConfigurationPlatforms) = preSolution
		Debug|Any CPU = Debug|Any CPU
		Release|Any CPU = Release|Any CPU
	EndGlobalSection
	GlobalSection(ProjectConfigurationPlatforms) = postSolution
		{24149766-81BB-4E45-9AE9-46274137BCB2}.Debug|Any CPU.ActiveCfg = Debug|Any CPU
		{24149766-81BB-4E45-9AE9-46274137BCB2}.Debug|Any CPU.Build.0 = Debug|Any CPU
		{24149766-81BB-4E45-9AE9-46274137BCB2}.Release|Any CPU.ActiveCfg = Release|Any CPU
		{24149766-81BB-4E45-9AE9-46274137BCB2}.Release|Any CPU.Build.0 = Release|Any CPU
		{07F2297B-4D69-4439-B0D0-82E6710092EE}.Debug|Any CPU.ActiveCfg = Debug|Any CPU
		{07F2297B-4D69-4439-B0D0-82E6710092EE}.Debug|Any CPU.Build.0 = Debug|Any CPU
		{07F2297B-4D69-4439-B0D0-82E6710092EE}.Release|Any CPU.ActiveCfg = Release|Any CPU
		{07F2297B-4D69-4439-B0D0-82E6710092EE}.Release|Any CPU.Build.0 = Release|Any CPU
		{A56477E6-0083-41F7-AEE1-78B197B20B86}.Debug|Any CPU.ActiveCfg = Debug|Any CPU
		{A56477E6-0083-41F7-AEE1-78B197B20B86}.Debug|Any CPU.Build.0 = Debug|Any CPU
		{A56477E6-0083-41F7-AEE1-78B197B20B86}.Release|Any CPU.ActiveCfg = Release|Any CPU
		{A56477E6-0083-41F7-AEE1-78B197B20B86}.Release|Any CPU.Build.0 = Release|Any CPU
	EndGlobalSection
	GlobalSection(SolutionProperties) = preSolution
		HideSolutionNode = FALSE
	EndGlobalSection
	GlobalSection(ExtensibilityGlobals) = postSolution
		SolutionGuid = {5D8EAE3B-F4A6-422F-BAE3-70D73AFDEB8C}
	EndGlobalSection
EndGlobal
