
Microsoft Visual Studio Solution File, Format Version 12.00
# Visual Studio Version 17
VisualStudioVersion = 17.6.33712.159
MinimumVisualStudioVersion = 10.0.40219.1
Project("{FAE04EC0-301F-11D3-BF4B-00C04F79EFBC}") = "health-calc-pack-dotnet-test", "TestProject1\health-calc-pack-dotnet-test.csproj", "{E1F67C29-D946-45D6-9B8F-9B9583CCCA07}"
EndProject
Project("{FAE04EC0-301F-11D3-BF4B-00C04F79EFBC}") = "health-calc-pack-dotnet-console", "WorkerService1\health-calc-pack-dotnet-console.csproj", "{576D6E3B-0ABE-4DA5-8E4D-750F3C638AFB}"
EndProject
Project("{FAE04EC0-301F-11D3-BF4B-00C04F79EFBC}") = "health-calc-pack-dotnet-package", "WorkerService2\health-calc-pack-dotnet-package.csproj", "{92FDD9E1-AD90-4044-BC87-2614AC27CC65}"
EndProject
Global
	GlobalSection(SolutionConfigurationPlatforms) = preSolution
		Debug|Any CPU = Debug|Any CPU
		Release|Any CPU = Release|Any CPU
	EndGlobalSection
	GlobalSection(ProjectConfigurationPlatforms) = postSolution
		{E1F67C29-D946-45D6-9B8F-9B9583CCCA07}.Debug|Any CPU.ActiveCfg = Debug|Any CPU
		{E1F67C29-D946-45D6-9B8F-9B9583CCCA07}.Debug|Any CPU.Build.0 = Debug|Any CPU
		{E1F67C29-D946-45D6-9B8F-9B9583CCCA07}.Release|Any CPU.ActiveCfg = Release|Any CPU
		{E1F67C29-D946-45D6-9B8F-9B9583CCCA07}.Release|Any CPU.Build.0 = Release|Any CPU
		{576D6E3B-0ABE-4DA5-8E4D-750F3C638AFB}.Debug|Any CPU.ActiveCfg = Debug|Any CPU
		{576D6E3B-0ABE-4DA5-8E4D-750F3C638AFB}.Debug|Any CPU.Build.0 = Debug|Any CPU
		{576D6E3B-0ABE-4DA5-8E4D-750F3C638AFB}.Release|Any CPU.ActiveCfg = Release|Any CPU
		{576D6E3B-0ABE-4DA5-8E4D-750F3C638AFB}.Release|Any CPU.Build.0 = Release|Any CPU
		{92FDD9E1-AD90-4044-BC87-2614AC27CC65}.Debug|Any CPU.ActiveCfg = Debug|Any CPU
		{92FDD9E1-AD90-4044-BC87-2614AC27CC65}.Debug|Any CPU.Build.0 = Debug|Any CPU
		{92FDD9E1-AD90-4044-BC87-2614AC27CC65}.Release|Any CPU.ActiveCfg = Release|Any CPU
		{92FDD9E1-AD90-4044-BC87-2614AC27CC65}.Release|Any CPU.Build.0 = Release|Any CPU
	EndGlobalSection
	GlobalSection(SolutionProperties) = preSolution
		HideSolutionNode = FALSE
	EndGlobalSection
	GlobalSection(ExtensibilityGlobals) = postSolution
		SolutionGuid = {5D8EAE3B-F4A6-422F-BAE3-70D73AFDEB8C}
	EndGlobalSection
EndGlobal
